
Microsoft Visual Studio Solution File, Format Version 12.00
# Visual Studio Version 17
VisualStudioVersion = 17.10.35013.160
MinimumVisualStudioVersion = 10.0.40219.1
Project("{FAE04EC0-301F-11D3-BF4B-00C04F79EFBC}") = "Venda", "Venda\Venda.csproj", "{989AB056-C121-4FD0-B7DA-BB4F6129064C}"
EndProject
Project("{FAE04EC0-301F-11D3-BF4B-00C04F79EFBC}") = "VendaApi", "VendaApi\VendaApi.csproj", "{24892ECC-67FE-4A5D-AFEE-200C72B06B3A}"
EndProject
Global
	GlobalSection(SolutionConfigurationPlatforms) = preSolution
		Debug|Any CPU = Debug|Any CPU
		Release|Any CPU = Release|Any CPU
	EndGlobalSection
	GlobalSection(ProjectConfigurationPlatforms) = postSolution
		{989AB056-C121-4FD0-B7DA-BB4F6129064C}.Debug|Any CPU.ActiveCfg = Debug|Any CPU
		{989AB056-C121-4FD0-B7DA-BB4F6129064C}.Debug|Any CPU.Build.0 = Debug|Any CPU
		{989AB056-C121-4FD0-B7DA-BB4F6129064C}.Release|Any CPU.ActiveCfg = Release|Any CPU
		{989AB056-C121-4FD0-B7DA-BB4F6129064C}.Release|Any CPU.Build.0 = Release|Any CPU
		{24892ECC-67FE-4A5D-AFEE-200C72B06B3A}.Debug|Any CPU.ActiveCfg = Debug|Any CPU
		{24892ECC-67FE-4A5D-AFEE-200C72B06B3A}.Debug|Any CPU.Build.0 = Debug|Any CPU
		{24892ECC-67FE-4A5D-AFEE-200C72B06B3A}.Release|Any CPU.ActiveCfg = Release|Any CPU
		{24892ECC-67FE-4A5D-AFEE-200C72B06B3A}.Release|Any CPU.Build.0 = Release|Any CPU
	EndGlobalSection
	GlobalSection(SolutionProperties) = preSolution
		HideSolutionNode = FALSE
	EndGlobalSection
	GlobalSection(ExtensibilityGlobals) = postSolution
		SolutionGuid = {8708465C-1867-4297-8FB7-3A313EE27E7C}
	EndGlobalSection
EndGlobal
